
Microsoft Visual Studio Solution File, Format Version 12.00
# Visual Studio 14
VisualStudioVersion = 14.0.25420.1
MinimumVisualStudioVersion = 10.0.40219.1
Project("{D954291E-2A0B-460D-934E-DC6B0785DB48}") = "Remote_Keyboard", "Remote Keyboard\Remote_Keyboard\Remote_Keyboard.shproj", "{F758CECA-5646-4C8D-B65E-45F4A883AF25}"
EndProject
Project("{FAE04EC0-301F-11D3-BF4B-00C04F79EFBC}") = "Remote_Keyboard.Droid", "Remote Keyboard\Remote_Keyboard.Droid\Remote_Keyboard.Droid.csproj", "{A9483D28-DE90-4C92-88AF-D7C1E782D14A}"
EndProject
Project("{FAE04EC0-301F-11D3-BF4B-00C04F79EFBC}") = "Remote_Keyboard.iOS", "Remote Keyboard\Remote_Keyboard.iOS\Remote_Keyboard.iOS.csproj", "{34051FF6-D24A-4BEA-A995-9F53E2D2AF02}"
EndProject
Project("{FAE04EC0-301F-11D3-BF4B-00C04F79EFBC}") = "Remote_Keyboard.WindowsForms", "Remote Keyboard\Remote_Keyboard.WindowsForms\Remote_Keyboard.WindowsForms.csproj", "{4D7141E6-2A9E-4FE4-8863-B0EA38B06496}"
EndProject
Global
	GlobalSection(SharedMSBuildProjectFiles) = preSolution
		Remote Keyboard\Remote_Keyboard\Remote_Keyboard.projitems*{34051ff6-d24a-4bea-a995-9f53e2d2af02}*SharedItemsImports = 4
		Remote Keyboard\Remote_Keyboard\Remote_Keyboard.projitems*{4d7141e6-2a9e-4fe4-8863-b0ea38b06496}*SharedItemsImports = 4
		Remote Keyboard\Remote_Keyboard\Remote_Keyboard.projitems*{a9483d28-de90-4c92-88af-d7c1e782d14a}*SharedItemsImports = 4
		Remote Keyboard\Remote_Keyboard\Remote_Keyboard.projitems*{f758ceca-5646-4c8d-b65e-45f4a883af25}*SharedItemsImports = 13
	EndGlobalSection
	GlobalSection(SolutionConfigurationPlatforms) = preSolution
		Ad-Hoc|Any CPU = Ad-Hoc|Any CPU
		Ad-Hoc|ARM = Ad-Hoc|ARM
		Ad-Hoc|iPhone = Ad-Hoc|iPhone
		Ad-Hoc|iPhoneSimulator = Ad-Hoc|iPhoneSimulator
		Ad-Hoc|x64 = Ad-Hoc|x64
		Ad-Hoc|x86 = Ad-Hoc|x86
		AppStore|Any CPU = AppStore|Any CPU
		AppStore|ARM = AppStore|ARM
		AppStore|iPhone = AppStore|iPhone
		AppStore|iPhoneSimulator = AppStore|iPhoneSimulator
		AppStore|x64 = AppStore|x64
		AppStore|x86 = AppStore|x86
		Debug|Any CPU = Debug|Any CPU
		Debug|ARM = Debug|ARM
		Debug|iPhone = Debug|iPhone
		Debug|iPhoneSimulator = Debug|iPhoneSimulator
		Debug|x64 = Debug|x64
		Debug|x86 = Debug|x86
		Release|Any CPU = Release|Any CPU
		Release|ARM = Release|ARM
		Release|iPhone = Release|iPhone
		Release|iPhoneSimulator = Release|iPhoneSimulator
		Release|x64 = Release|x64
		Release|x86 = Release|x86
	EndGlobalSection
	GlobalSection(ProjectConfigurationPlatforms) = postSolution
		{A9483D28-DE90-4C92-88AF-D7C1E782D14A}.Ad-Hoc|Any CPU.ActiveCfg = Release|Any CPU
		{A9483D28-DE90-4C92-88AF-D7C1E782D14A}.Ad-Hoc|Any CPU.Build.0 = Release|Any CPU
		{A9483D28-DE90-4C92-88AF-D7C1E782D14A}.Ad-Hoc|Any CPU.Deploy.0 = Release|Any CPU
		{A9483D28-DE90-4C92-88AF-D7C1E782D14A}.Ad-Hoc|ARM.ActiveCfg = Release|Any CPU
		{A9483D28-DE90-4C92-88AF-D7C1E782D14A}.Ad-Hoc|ARM.Build.0 = Release|Any CPU
		{A9483D28-DE90-4C92-88AF-D7C1E782D14A}.Ad-Hoc|ARM.Deploy.0 = Release|Any CPU
		{A9483D28-DE90-4C92-88AF-D7C1E782D14A}.Ad-Hoc|iPhone.ActiveCfg = Release|Any CPU
		{A9483D28-DE90-4C92-88AF-D7C1E782D14A}.Ad-Hoc|iPhone.Build.0 = Release|Any CPU
		{A9483D28-DE90-4C92-88AF-D7C1E782D14A}.Ad-Hoc|iPhone.Deploy.0 = Release|Any CPU
		{A9483D28-DE90-4C92-88AF-D7C1E782D14A}.Ad-Hoc|iPhoneSimulator.ActiveCfg = Release|Any CPU
		{A9483D28-DE90-4C92-88AF-D7C1E782D14A}.Ad-Hoc|iPhoneSimulator.Build.0 = Release|Any CPU
		{A9483D28-DE90-4C92-88AF-D7C1E782D14A}.Ad-Hoc|iPhoneSimulator.Deploy.0 = Release|Any CPU
		{A9483D28-DE90-4C92-88AF-D7C1E782D14A}.Ad-Hoc|x64.ActiveCfg = Release|Any CPU
		{A9483D28-DE90-4C92-88AF-D7C1E782D14A}.Ad-Hoc|x64.Build.0 = Release|Any CPU
		{A9483D28-DE90-4C92-88AF-D7C1E782D14A}.Ad-Hoc|x64.Deploy.0 = Release|Any CPU
		{A9483D28-DE90-4C92-88AF-D7C1E782D14A}.Ad-Hoc|x86.ActiveCfg = Release|Any CPU
		{A9483D28-DE90-4C92-88AF-D7C1E782D14A}.Ad-Hoc|x86.Build.0 = Release|Any CPU
		{A9483D28-DE90-4C92-88AF-D7C1E782D14A}.Ad-Hoc|x86.Deploy.0 = Release|Any CPU
		{A9483D28-DE90-4C92-88AF-D7C1E782D14A}.AppStore|Any CPU.ActiveCfg = Release|Any CPU
		{A9483D28-DE90-4C92-88AF-D7C1E782D14A}.AppStore|Any CPU.Build.0 = Release|Any CPU
		{A9483D28-DE90-4C92-88AF-D7C1E782D14A}.AppStore|Any CPU.Deploy.0 = Release|Any CPU
		{A9483D28-DE90-4C92-88AF-D7C1E782D14A}.AppStore|ARM.ActiveCfg = Release|Any CPU
		{A9483D28-DE90-4C92-88AF-D7C1E782D14A}.AppStore|ARM.Build.0 = Release|Any CPU
		{A9483D28-DE90-4C92-88AF-D7C1E782D14A}.AppStore|ARM.Deploy.0 = Release|Any CPU
		{A9483D28-DE90-4C92-88AF-D7C1E782D14A}.AppStore|iPhone.ActiveCfg = Release|Any CPU
		{A9483D28-DE90-4C92-88AF-D7C1E782D14A}.AppStore|iPhone.Build.0 = Release|Any CPU
		{A9483D28-DE90-4C92-88AF-D7C1E782D14A}.AppStore|iPhone.Deploy.0 = Release|Any CPU
		{A9483D28-DE90-4C92-88AF-D7C1E782D14A}.AppStore|iPhoneSimulator.ActiveCfg = Release|Any CPU
		{A9483D28-DE90-4C92-88AF-D7C1E782D14A}.AppStore|iPhoneSimulator.Build.0 = Release|Any CPU
		{A9483D28-DE90-4C92-88AF-D7C1E782D14A}.AppStore|iPhoneSimulator.Deploy.0 = Release|Any CPU
		{A9483D28-DE90-4C92-88AF-D7C1E782D14A}.AppStore|x64.ActiveCfg = Release|Any CPU
		{A9483D28-DE90-4C92-88AF-D7C1E782D14A}.AppStore|x64.Build.0 = Release|Any CPU
		{A9483D28-DE90-4C92-88AF-D7C1E782D14A}.AppStore|x64.Deploy.0 = Release|Any CPU
		{A9483D28-DE90-4C92-88AF-D7C1E782D14A}.AppStore|x86.ActiveCfg = Release|Any CPU
		{A9483D28-DE90-4C92-88AF-D7C1E782D14A}.AppStore|x86.Build.0 = Release|Any CPU
		{A9483D28-DE90-4C92-88AF-D7C1E782D14A}.AppStore|x86.Deploy.0 = Release|Any CPU
		{A9483D28-DE90-4C92-88AF-D7C1E782D14A}.Debug|Any CPU.ActiveCfg = Debug|Any CPU
		{A9483D28-DE90-4C92-88AF-D7C1E782D14A}.Debug|Any CPU.Build.0 = Debug|Any CPU
		{A9483D28-DE90-4C92-88AF-D7C1E782D14A}.Debug|Any CPU.Deploy.0 = Debug|Any CPU
		{A9483D28-DE90-4C92-88AF-D7C1E782D14A}.Debug|ARM.ActiveCfg = Debug|Any CPU
		{A9483D28-DE90-4C92-88AF-D7C1E782D14A}.Debug|ARM.Build.0 = Debug|Any CPU
		{A9483D28-DE90-4C92-88AF-D7C1E782D14A}.Debug|ARM.Deploy.0 = Debug|Any CPU
		{A9483D28-DE90-4C92-88AF-D7C1E782D14A}.Debug|iPhone.ActiveCfg = Debug|Any CPU
		{A9483D28-DE90-4C92-88AF-D7C1E782D14A}.Debug|iPhone.Build.0 = Debug|Any CPU
		{A9483D28-DE90-4C92-88AF-D7C1E782D14A}.Debug|iPhone.Deploy.0 = Debug|Any CPU
		{A9483D28-DE90-4C92-88AF-D7C1E782D14A}.Debug|iPhoneSimulator.ActiveCfg = Debug|Any CPU
		{A9483D28-DE90-4C92-88AF-D7C1E782D14A}.Debug|iPhoneSimulator.Build.0 = Debug|Any CPU
		{A9483D28-DE90-4C92-88AF-D7C1E782D14A}.Debug|iPhoneSimulator.Deploy.0 = Debug|Any CPU
		{A9483D28-DE90-4C92-88AF-D7C1E782D14A}.Debug|x64.ActiveCfg = Debug|Any CPU
		{A9483D28-DE90-4C92-88AF-D7C1E782D14A}.Debug|x64.Build.0 = Debug|Any CPU
		{A9483D28-DE90-4C92-88AF-D7C1E782D14A}.Debug|x64.Deploy.0 = Debug|Any CPU
		{A9483D28-DE90-4C92-88AF-D7C1E782D14A}.Debug|x86.ActiveCfg = Debug|Any CPU
		{A9483D28-DE90-4C92-88AF-D7C1E782D14A}.Debug|x86.Build.0 = Debug|Any CPU
		{A9483D28-DE90-4C92-88AF-D7C1E782D14A}.Debug|x86.Deploy.0 = Debug|Any CPU
		{A9483D28-DE90-4C92-88AF-D7C1E782D14A}.Release|Any CPU.ActiveCfg = Release|Any CPU
		{A9483D28-DE90-4C92-88AF-D7C1E782D14A}.Release|Any CPU.Build.0 = Release|Any CPU
		{A9483D28-DE90-4C92-88AF-D7C1E782D14A}.Release|Any CPU.Deploy.0 = Release|Any CPU
		{A9483D28-DE90-4C92-88AF-D7C1E782D14A}.Release|ARM.ActiveCfg = Release|Any CPU
		{A9483D28-DE90-4C92-88AF-D7C1E782D14A}.Release|ARM.Build.0 = Release|Any CPU
		{A9483D28-DE90-4C92-88AF-D7C1E782D14A}.Release|ARM.Deploy.0 = Release|Any CPU
		{A9483D28-DE90-4C92-88AF-D7C1E782D14A}.Release|iPhone.ActiveCfg = Release|Any CPU
		{A9483D28-DE90-4C92-88AF-D7C1E782D14A}.Release|iPhone.Build.0 = Release|Any CPU
		{A9483D28-DE90-4C92-88AF-D7C1E782D14A}.Release|iPhone.Deploy.0 = Release|Any CPU
		{A9483D28-DE90-4C92-88AF-D7C1E782D14A}.Release|iPhoneSimulator.ActiveCfg = Release|Any CPU
		{A9483D28-DE90-4C92-88AF-D7C1E782D14A}.Release|iPhoneSimulator.Build.0 = Release|Any CPU
		{A9483D28-DE90-4C92-88AF-D7C1E782D14A}.Release|iPhoneSimulator.Deploy.0 = Release|Any CPU
		{A9483D28-DE90-4C92-88AF-D7C1E782D14A}.Release|x64.ActiveCfg = Release|Any CPU
		{A9483D28-DE90-4C92-88AF-D7C1E782D14A}.Release|x64.Build.0 = Release|Any CPU
		{A9483D28-DE90-4C92-88AF-D7C1E782D14A}.Release|x64.Deploy.0 = Release|Any CPU
		{A9483D28-DE90-4C92-88AF-D7C1E782D14A}.Release|x86.ActiveCfg = Release|Any CPU
		{A9483D28-DE90-4C92-88AF-D7C1E782D14A}.Release|x86.Build.0 = Release|Any CPU
		{A9483D28-DE90-4C92-88AF-D7C1E782D14A}.Release|x86.Deploy.0 = Release|Any CPU
		{34051FF6-D24A-4BEA-A995-9F53E2D2AF02}.Ad-Hoc|Any CPU.ActiveCfg = Ad-Hoc|iPhone
		{34051FF6-D24A-4BEA-A995-9F53E2D2AF02}.Ad-Hoc|ARM.ActiveCfg = Ad-Hoc|iPhone
		{34051FF6-D24A-4BEA-A995-9F53E2D2AF02}.Ad-Hoc|iPhone.ActiveCfg = Ad-Hoc|iPhone
		{34051FF6-D24A-4BEA-A995-9F53E2D2AF02}.Ad-Hoc|iPhone.Build.0 = Ad-Hoc|iPhone
		{34051FF6-D24A-4BEA-A995-9F53E2D2AF02}.Ad-Hoc|iPhoneSimulator.ActiveCfg = Ad-Hoc|iPhoneSimulator
		{34051FF6-D24A-4BEA-A995-9F53E2D2AF02}.Ad-Hoc|iPhoneSimulator.Build.0 = Ad-Hoc|iPhoneSimulator
		{34051FF6-D24A-4BEA-A995-9F53E2D2AF02}.Ad-Hoc|x64.ActiveCfg = Ad-Hoc|iPhone
		{34051FF6-D24A-4BEA-A995-9F53E2D2AF02}.Ad-Hoc|x86.ActiveCfg = Ad-Hoc|iPhone
		{34051FF6-D24A-4BEA-A995-9F53E2D2AF02}.AppStore|Any CPU.ActiveCfg = AppStore|iPhone
		{34051FF6-D24A-4BEA-A995-9F53E2D2AF02}.AppStore|ARM.ActiveCfg = AppStore|iPhone
		{34051FF6-D24A-4BEA-A995-9F53E2D2AF02}.AppStore|iPhone.ActiveCfg = AppStore|iPhone
		{34051FF6-D24A-4BEA-A995-9F53E2D2AF02}.AppStore|iPhone.Build.0 = AppStore|iPhone
		{34051FF6-D24A-4BEA-A995-9F53E2D2AF02}.AppStore|iPhoneSimulator.ActiveCfg = AppStore|iPhoneSimulator
		{34051FF6-D24A-4BEA-A995-9F53E2D2AF02}.AppStore|iPhoneSimulator.Build.0 = AppStore|iPhoneSimulator
		{34051FF6-D24A-4BEA-A995-9F53E2D2AF02}.AppStore|x64.ActiveCfg = AppStore|iPhone
		{34051FF6-D24A-4BEA-A995-9F53E2D2AF02}.AppStore|x86.ActiveCfg = AppStore|iPhone
		{34051FF6-D24A-4BEA-A995-9F53E2D2AF02}.Debug|Any CPU.ActiveCfg = Debug|iPhone
		{34051FF6-D24A-4BEA-A995-9F53E2D2AF02}.Debug|ARM.ActiveCfg = Debug|iPhone
		{34051FF6-D24A-4BEA-A995-9F53E2D2AF02}.Debug|iPhone.ActiveCfg = Debug|iPhone
		{34051FF6-D24A-4BEA-A995-9F53E2D2AF02}.Debug|iPhone.Build.0 = Debug|iPhone
		{34051FF6-D24A-4BEA-A995-9F53E2D2AF02}.Debug|iPhoneSimulator.ActiveCfg = Debug|iPhoneSimulator
		{34051FF6-D24A-4BEA-A995-9F53E2D2AF02}.Debug|iPhoneSimulator.Build.0 = Debug|iPhoneSimulator
		{34051FF6-D24A-4BEA-A995-9F53E2D2AF02}.Debug|x64.ActiveCfg = Debug|iPhone
		{34051FF6-D24A-4BEA-A995-9F53E2D2AF02}.Debug|x86.ActiveCfg = Debug|iPhone
		{34051FF6-D24A-4BEA-A995-9F53E2D2AF02}.Release|Any CPU.ActiveCfg = Release|iPhone
		{34051FF6-D24A-4BEA-A995-9F53E2D2AF02}.Release|ARM.ActiveCfg = Release|iPhone
		{34051FF6-D24A-4BEA-A995-9F53E2D2AF02}.Release|iPhone.ActiveCfg = Release|iPhone
		{34051FF6-D24A-4BEA-A995-9F53E2D2AF02}.Release|iPhone.Build.0 = Release|iPhone
		{34051FF6-D24A-4BEA-A995-9F53E2D2AF02}.Release|iPhoneSimulator.ActiveCfg = Release|iPhoneSimulator
		{34051FF6-D24A-4BEA-A995-9F53E2D2AF02}.Release|iPhoneSimulator.Build.0 = Release|iPhoneSimulator
		{34051FF6-D24A-4BEA-A995-9F53E2D2AF02}.Release|x64.ActiveCfg = Release|iPhone
		{34051FF6-D24A-4BEA-A995-9F53E2D2AF02}.Release|x86.ActiveCfg = Release|iPhone
		{4D7141E6-2A9E-4FE4-8863-B0EA38B06496}.Ad-Hoc|Any CPU.ActiveCfg = Release|Any CPU
		{4D7141E6-2A9E-4FE4-8863-B0EA38B06496}.Ad-Hoc|Any CPU.Build.0 = Release|Any CPU
		{4D7141E6-2A9E-4FE4-8863-B0EA38B06496}.Ad-Hoc|ARM.ActiveCfg = Release|Any CPU
		{4D7141E6-2A9E-4FE4-8863-B0EA38B06496}.Ad-Hoc|ARM.Build.0 = Release|Any CPU
		{4D7141E6-2A9E-4FE4-8863-B0EA38B06496}.Ad-Hoc|iPhone.ActiveCfg = Release|Any CPU
		{4D7141E6-2A9E-4FE4-8863-B0EA38B06496}.Ad-Hoc|iPhone.Build.0 = Release|Any CPU
		{4D7141E6-2A9E-4FE4-8863-B0EA38B06496}.Ad-Hoc|iPhoneSimulator.ActiveCfg = Release|Any CPU
		{4D7141E6-2A9E-4FE4-8863-B0EA38B06496}.Ad-Hoc|iPhoneSimulator.Build.0 = Release|Any CPU
		{4D7141E6-2A9E-4FE4-8863-B0EA38B06496}.Ad-Hoc|x64.ActiveCfg = Release|Any CPU
		{4D7141E6-2A9E-4FE4-8863-B0EA38B06496}.Ad-Hoc|x64.Build.0 = Release|Any CPU
		{4D7141E6-2A9E-4FE4-8863-B0EA38B06496}.Ad-Hoc|x86.ActiveCfg = Release|Any CPU
		{4D7141E6-2A9E-4FE4-8863-B0EA38B06496}.Ad-Hoc|x86.Build.0 = Release|Any CPU
		{4D7141E6-2A9E-4FE4-8863-B0EA38B06496}.AppStore|Any CPU.ActiveCfg = Release|Any CPU
		{4D7141E6-2A9E-4FE4-8863-B0EA38B06496}.AppStore|Any CPU.Build.0 = Release|Any CPU
		{4D7141E6-2A9E-4FE4-8863-B0EA38B06496}.AppStore|ARM.ActiveCfg = Release|Any CPU
		{4D7141E6-2A9E-4FE4-8863-B0EA38B06496}.AppStore|ARM.Build.0 = Release|Any CPU
		{4D7141E6-2A9E-4FE4-8863-B0EA38B06496}.AppStore|iPhone.ActiveCfg = Release|Any CPU
		{4D7141E6-2A9E-4FE4-8863-B0EA38B06496}.AppStore|iPhone.Build.0 = Release|Any CPU
		{4D7141E6-2A9E-4FE4-8863-B0EA38B06496}.AppStore|iPhoneSimulator.ActiveCfg = Release|Any CPU
		{4D7141E6-2A9E-4FE4-8863-B0EA38B06496}.AppStore|iPhoneSimulator.Build.0 = Release|Any CPU
		{4D7141E6-2A9E-4FE4-8863-B0EA38B06496}.AppStore|x64.ActiveCfg = Release|Any CPU
		{4D7141E6-2A9E-4FE4-8863-B0EA38B06496}.AppStore|x64.Build.0 = Release|Any CPU
		{4D7141E6-2A9E-4FE4-8863-B0EA38B06496}.AppStore|x86.ActiveCfg = Release|Any CPU
		{4D7141E6-2A9E-4FE4-8863-B0EA38B06496}.AppStore|x86.Build.0 = Release|Any CPU
		{4D7141E6-2A9E-4FE4-8863-B0EA38B06496}.Debug|Any CPU.ActiveCfg = Debug|Any CPU
		{4D7141E6-2A9E-4FE4-8863-B0EA38B06496}.Debug|Any CPU.Build.0 = Debug|Any CPU
		{4D7141E6-2A9E-4FE4-8863-B0EA38B06496}.Debug|ARM.ActiveCfg = Debug|Any CPU
		{4D7141E6-2A9E-4FE4-8863-B0EA38B06496}.Debug|ARM.Build.0 = Debug|Any CPU
		{4D7141E6-2A9E-4FE4-8863-B0EA38B06496}.Debug|iPhone.ActiveCfg = Debug|Any CPU
		{4D7141E6-2A9E-4FE4-8863-B0EA38B06496}.Debug|iPhone.Build.0 = Debug|Any CPU
		{4D7141E6-2A9E-4FE4-8863-B0EA38B06496}.Debug|iPhoneSimulator.ActiveCfg = Debug|Any CPU
		{4D7141E6-2A9E-4FE4-8863-B0EA38B06496}.Debug|iPhoneSimulator.Build.0 = Debug|Any CPU
		{4D7141E6-2A9E-4FE4-8863-B0EA38B06496}.Debug|x64.ActiveCfg = Debug|Any CPU
		{4D7141E6-2A9E-4FE4-8863-B0EA38B06496}.Debug|x64.Build.0 = Debug|Any CPU
		{4D7141E6-2A9E-4FE4-8863-B0EA38B06496}.Debug|x86.ActiveCfg = Debug|Any CPU
		{4D7141E6-2A9E-4FE4-8863-B0EA38B06496}.Debug|x86.Build.0 = Debug|Any CPU
		{4D7141E6-2A9E-4FE4-8863-B0EA38B06496}.Release|Any CPU.ActiveCfg = Release|Any CPU
		{4D7141E6-2A9E-4FE4-8863-B0EA38B06496}.Release|Any CPU.Build.0 = Release|Any CPU
		{4D7141E6-2A9E-4FE4-8863-B0EA38B06496}.Release|ARM.ActiveCfg = Release|Any CPU
		{4D7141E6-2A9E-4FE4-8863-B0EA38B06496}.Release|ARM.Build.0 = Release|Any CPU
		{4D7141E6-2A9E-4FE4-8863-B0EA38B06496}.Release|iPhone.ActiveCfg = Release|Any CPU
		{4D7141E6-2A9E-4FE4-8863-B0EA38B06496}.Release|iPhone.Build.0 = Release|Any CPU
		{4D7141E6-2A9E-4FE4-8863-B0EA38B06496}.Release|iPhoneSimulator.ActiveCfg = Release|Any CPU
		{4D7141E6-2A9E-4FE4-8863-B0EA38B06496}.Release|iPhoneSimulator.Build.0 = Release|Any CPU
		{4D7141E6-2A9E-4FE4-8863-B0EA38B06496}.Release|x64.ActiveCfg = Release|Any CPU
		{4D7141E6-2A9E-4FE4-8863-B0EA38B06496}.Release|x64.Build.0 = Release|Any CPU
		{4D7141E6-2A9E-4FE4-8863-B0EA38B06496}.Release|x86.ActiveCfg = Release|Any CPU
		{4D7141E6-2A9E-4FE4-8863-B0EA38B06496}.Release|x86.Build.0 = Release|Any CPU
	EndGlobalSection
	GlobalSection(SolutionProperties) = preSolution
		HideSolutionNode = FALSE
	EndGlobalSection
EndGlobal
