
Microsoft Visual Studio Solution File, Format Version 12.00
# Visual Studio 14
VisualStudioVersion = 14.0.25420.1
MinimumVisualStudioVersion = 10.0.40219.1
Project("{FAE04EC0-301F-11D3-BF4B-00C04F79EFBC}") = "Remote_Keyboard.Droid", "Remote_Keyboard\Remote_Keyboard.Droid\Remote_Keyboard.Droid.csproj", "{A7FFB127-27DC-457B-86FA-0A2FAF9FA518}"
EndProject
Project("{FAE04EC0-301F-11D3-BF4B-00C04F79EFBC}") = "Remote_Keyboard.iOS", "Remote_Keyboard\Remote_Keyboard.iOS\Remote_Keyboard.iOS.csproj", "{F7652AE9-5A70-48A7-B1BD-3760892EA7CB}"
EndProject
Project("{D954291E-2A0B-460D-934E-DC6B0785DB48}") = "Remote_Keyboard", "Remote_Keyboard\Remote_Keyboard\Remote_Keyboard.shproj", "{151765FC-92F2-4024-B903-17F958DBA3E7}"
EndProject
Project("{FAE04EC0-301F-11D3-BF4B-00C04F79EFBC}") = "Remote_Keyboard.WindowsForms", "Remote_Keyboard\Remote_Keyboard.WindowsForms\Remote_Keyboard.WindowsForms.csproj", "{4D7141E6-2A9E-4FE4-8863-B0EA38B06496}"
EndProject
Global
	GlobalSection(SharedMSBuildProjectFiles) = preSolution
		Remote_Keyboard\Remote_Keyboard\Remote_Keyboard.projitems*{151765fc-92f2-4024-b903-17f958dba3e7}*SharedItemsImports = 13
		Remote_Keyboard\Remote_Keyboard\Remote_Keyboard.projitems*{4d7141e6-2a9e-4fe4-8863-b0ea38b06496}*SharedItemsImports = 4
		Remote_Keyboard\Remote_Keyboard\Remote_Keyboard.projitems*{a7ffb127-27dc-457b-86fa-0a2faf9fa518}*SharedItemsImports = 4
		Remote_Keyboard\Remote_Keyboard\Remote_Keyboard.projitems*{f7652ae9-5a70-48a7-b1bd-3760892ea7cb}*SharedItemsImports = 4
	EndGlobalSection
	GlobalSection(SolutionConfigurationPlatforms) = preSolution
		Debug|Any CPU = Debug|Any CPU
		Debug|ARM = Debug|ARM
		Debug|iPhone = Debug|iPhone
		Debug|iPhoneSimulator = Debug|iPhoneSimulator
		Debug|x86 = Debug|x86
		Release|Any CPU = Release|Any CPU
		Release|ARM = Release|ARM
		Release|iPhone = Release|iPhone
		Release|iPhoneSimulator = Release|iPhoneSimulator
		Release|x86 = Release|x86
	EndGlobalSection
	GlobalSection(ProjectConfigurationPlatforms) = postSolution
		{A7FFB127-27DC-457B-86FA-0A2FAF9FA518}.Debug|Any CPU.ActiveCfg = Debug|Any CPU
		{A7FFB127-27DC-457B-86FA-0A2FAF9FA518}.Debug|Any CPU.Build.0 = Debug|Any CPU
		{A7FFB127-27DC-457B-86FA-0A2FAF9FA518}.Debug|Any CPU.Deploy.0 = Debug|Any CPU
		{A7FFB127-27DC-457B-86FA-0A2FAF9FA518}.Debug|ARM.ActiveCfg = Debug|Any CPU
		{A7FFB127-27DC-457B-86FA-0A2FAF9FA518}.Debug|ARM.Build.0 = Debug|Any CPU
		{A7FFB127-27DC-457B-86FA-0A2FAF9FA518}.Debug|ARM.Deploy.0 = Debug|Any CPU
		{A7FFB127-27DC-457B-86FA-0A2FAF9FA518}.Debug|iPhone.ActiveCfg = Debug|Any CPU
		{A7FFB127-27DC-457B-86FA-0A2FAF9FA518}.Debug|iPhone.Build.0 = Debug|Any CPU
		{A7FFB127-27DC-457B-86FA-0A2FAF9FA518}.Debug|iPhone.Deploy.0 = Debug|Any CPU
		{A7FFB127-27DC-457B-86FA-0A2FAF9FA518}.Debug|iPhoneSimulator.ActiveCfg = Debug|Any CPU
		{A7FFB127-27DC-457B-86FA-0A2FAF9FA518}.Debug|iPhoneSimulator.Build.0 = Debug|Any CPU
		{A7FFB127-27DC-457B-86FA-0A2FAF9FA518}.Debug|iPhoneSimulator.Deploy.0 = Debug|Any CPU
		{A7FFB127-27DC-457B-86FA-0A2FAF9FA518}.Debug|x86.ActiveCfg = Debug|Any CPU
		{A7FFB127-27DC-457B-86FA-0A2FAF9FA518}.Debug|x86.Build.0 = Debug|Any CPU
		{A7FFB127-27DC-457B-86FA-0A2FAF9FA518}.Debug|x86.Deploy.0 = Debug|Any CPU
		{A7FFB127-27DC-457B-86FA-0A2FAF9FA518}.Release|Any CPU.ActiveCfg = Release|Any CPU
		{A7FFB127-27DC-457B-86FA-0A2FAF9FA518}.Release|Any CPU.Build.0 = Release|Any CPU
		{A7FFB127-27DC-457B-86FA-0A2FAF9FA518}.Release|Any CPU.Deploy.0 = Release|Any CPU
		{A7FFB127-27DC-457B-86FA-0A2FAF9FA518}.Release|ARM.ActiveCfg = Release|Any CPU
		{A7FFB127-27DC-457B-86FA-0A2FAF9FA518}.Release|ARM.Build.0 = Release|Any CPU
		{A7FFB127-27DC-457B-86FA-0A2FAF9FA518}.Release|ARM.Deploy.0 = Release|Any CPU
		{A7FFB127-27DC-457B-86FA-0A2FAF9FA518}.Release|iPhone.ActiveCfg = Release|Any CPU
		{A7FFB127-27DC-457B-86FA-0A2FAF9FA518}.Release|iPhone.Build.0 = Release|Any CPU
		{A7FFB127-27DC-457B-86FA-0A2FAF9FA518}.Release|iPhone.Deploy.0 = Release|Any CPU
		{A7FFB127-27DC-457B-86FA-0A2FAF9FA518}.Release|iPhoneSimulator.ActiveCfg = Release|Any CPU
		{A7FFB127-27DC-457B-86FA-0A2FAF9FA518}.Release|iPhoneSimulator.Build.0 = Release|Any CPU
		{A7FFB127-27DC-457B-86FA-0A2FAF9FA518}.Release|iPhoneSimulator.Deploy.0 = Release|Any CPU
		{A7FFB127-27DC-457B-86FA-0A2FAF9FA518}.Release|x86.ActiveCfg = Release|Any CPU
		{A7FFB127-27DC-457B-86FA-0A2FAF9FA518}.Release|x86.Build.0 = Release|Any CPU
		{A7FFB127-27DC-457B-86FA-0A2FAF9FA518}.Release|x86.Deploy.0 = Release|Any CPU
		{F7652AE9-5A70-48A7-B1BD-3760892EA7CB}.Debug|Any CPU.ActiveCfg = Debug|iPhone
		{F7652AE9-5A70-48A7-B1BD-3760892EA7CB}.Debug|ARM.ActiveCfg = Debug|iPhone
		{F7652AE9-5A70-48A7-B1BD-3760892EA7CB}.Debug|iPhone.ActiveCfg = Debug|iPhone
		{F7652AE9-5A70-48A7-B1BD-3760892EA7CB}.Debug|iPhone.Build.0 = Debug|iPhone
		{F7652AE9-5A70-48A7-B1BD-3760892EA7CB}.Debug|iPhoneSimulator.ActiveCfg = Debug|iPhoneSimulator
		{F7652AE9-5A70-48A7-B1BD-3760892EA7CB}.Debug|iPhoneSimulator.Build.0 = Debug|iPhoneSimulator
		{F7652AE9-5A70-48A7-B1BD-3760892EA7CB}.Debug|x86.ActiveCfg = Debug|iPhone
		{F7652AE9-5A70-48A7-B1BD-3760892EA7CB}.Release|Any CPU.ActiveCfg = Release|iPhone
		{F7652AE9-5A70-48A7-B1BD-3760892EA7CB}.Release|ARM.ActiveCfg = Release|iPhone
		{F7652AE9-5A70-48A7-B1BD-3760892EA7CB}.Release|iPhone.ActiveCfg = Release|iPhone
		{F7652AE9-5A70-48A7-B1BD-3760892EA7CB}.Release|iPhone.Build.0 = Release|iPhone
		{F7652AE9-5A70-48A7-B1BD-3760892EA7CB}.Release|iPhoneSimulator.ActiveCfg = Release|iPhoneSimulator
		{F7652AE9-5A70-48A7-B1BD-3760892EA7CB}.Release|iPhoneSimulator.Build.0 = Release|iPhoneSimulator
		{F7652AE9-5A70-48A7-B1BD-3760892EA7CB}.Release|x86.ActiveCfg = Release|iPhone
		{4D7141E6-2A9E-4FE4-8863-B0EA38B06496}.Debug|Any CPU.ActiveCfg = Debug|Any CPU
		{4D7141E6-2A9E-4FE4-8863-B0EA38B06496}.Debug|Any CPU.Build.0 = Debug|Any CPU
		{4D7141E6-2A9E-4FE4-8863-B0EA38B06496}.Debug|ARM.ActiveCfg = Debug|Any CPU
		{4D7141E6-2A9E-4FE4-8863-B0EA38B06496}.Debug|ARM.Build.0 = Debug|Any CPU
		{4D7141E6-2A9E-4FE4-8863-B0EA38B06496}.Debug|iPhone.ActiveCfg = Debug|Any CPU
		{4D7141E6-2A9E-4FE4-8863-B0EA38B06496}.Debug|iPhone.Build.0 = Debug|Any CPU
		{4D7141E6-2A9E-4FE4-8863-B0EA38B06496}.Debug|iPhoneSimulator.ActiveCfg = Debug|Any CPU
		{4D7141E6-2A9E-4FE4-8863-B0EA38B06496}.Debug|iPhoneSimulator.Build.0 = Debug|Any CPU
		{4D7141E6-2A9E-4FE4-8863-B0EA38B06496}.Debug|x86.ActiveCfg = Debug|Any CPU
		{4D7141E6-2A9E-4FE4-8863-B0EA38B06496}.Debug|x86.Build.0 = Debug|Any CPU
		{4D7141E6-2A9E-4FE4-8863-B0EA38B06496}.Release|Any CPU.ActiveCfg = Release|Any CPU
		{4D7141E6-2A9E-4FE4-8863-B0EA38B06496}.Release|Any CPU.Build.0 = Release|Any CPU
		{4D7141E6-2A9E-4FE4-8863-B0EA38B06496}.Release|ARM.ActiveCfg = Release|Any CPU
		{4D7141E6-2A9E-4FE4-8863-B0EA38B06496}.Release|ARM.Build.0 = Release|Any CPU
		{4D7141E6-2A9E-4FE4-8863-B0EA38B06496}.Release|iPhone.ActiveCfg = Release|Any CPU
		{4D7141E6-2A9E-4FE4-8863-B0EA38B06496}.Release|iPhone.Build.0 = Release|Any CPU
		{4D7141E6-2A9E-4FE4-8863-B0EA38B06496}.Release|iPhoneSimulator.ActiveCfg = Release|Any CPU
		{4D7141E6-2A9E-4FE4-8863-B0EA38B06496}.Release|iPhoneSimulator.Build.0 = Release|Any CPU
		{4D7141E6-2A9E-4FE4-8863-B0EA38B06496}.Release|x86.ActiveCfg = Release|Any CPU
		{4D7141E6-2A9E-4FE4-8863-B0EA38B06496}.Release|x86.Build.0 = Release|Any CPU
	EndGlobalSection
	GlobalSection(SolutionProperties) = preSolution
		HideSolutionNode = FALSE
	EndGlobalSection
EndGlobal
